
Microsoft Visual Studio Solution File, Format Version 12.00
# Visual Studio Version 16
VisualStudioVersion = 16.0.30225.117
MinimumVisualStudioVersion = 10.0.40219.1
Project("{9A19103F-16F7-4668-BE54-9A1E7A4F7556}") = "TicTacToe", "TicTacToe\TicTacToe.csproj", "{8D827D67-44BC-46DC-AF0C-266E6F013834}"
EndProject
Project("{9A19103F-16F7-4668-BE54-9A1E7A4F7556}") = "TicTacToe.LogicEngine", "TicTacToe.LogicEngine\TicTacToe.LogicEngine.csproj", "{814E2D24-3510-4B5A-9433-7E6BF0BEB6FD}"
EndProject
Project("{FAE04EC0-301F-11D3-BF4B-00C04F79EFBC}") = "TicTacToe.LogicEngine.Tests", "TicTacToe.LogicEngine.Tests\TicTacToe.LogicEngine.Tests.csproj", "{1C0D607A-4C71-4526-8F36-074C23F45BB0}"
EndProject
Global
	GlobalSection(SolutionConfigurationPlatforms) = preSolution
		Debug|Any CPU = Debug|Any CPU
		Release|Any CPU = Release|Any CPU
	EndGlobalSection
	GlobalSection(ProjectConfigurationPlatforms) = postSolution
		{8D827D67-44BC-46DC-AF0C-266E6F013834}.Debug|Any CPU.ActiveCfg = Debug|Any CPU
		{8D827D67-44BC-46DC-AF0C-266E6F013834}.Debug|Any CPU.Build.0 = Debug|Any CPU
		{8D827D67-44BC-46DC-AF0C-266E6F013834}.Release|Any CPU.ActiveCfg = Release|Any CPU
		{8D827D67-44BC-46DC-AF0C-266E6F013834}.Release|Any CPU.Build.0 = Release|Any CPU
		{814E2D24-3510-4B5A-9433-7E6BF0BEB6FD}.Debug|Any CPU.ActiveCfg = Debug|Any CPU
		{814E2D24-3510-4B5A-9433-7E6BF0BEB6FD}.Debug|Any CPU.Build.0 = Debug|Any CPU
		{814E2D24-3510-4B5A-9433-7E6BF0BEB6FD}.Release|Any CPU.ActiveCfg = Release|Any CPU
		{814E2D24-3510-4B5A-9433-7E6BF0BEB6FD}.Release|Any CPU.Build.0 = Release|Any CPU
		{1C0D607A-4C71-4526-8F36-074C23F45BB0}.Debug|Any CPU.ActiveCfg = Debug|Any CPU
		{1C0D607A-4C71-4526-8F36-074C23F45BB0}.Debug|Any CPU.Build.0 = Debug|Any CPU
		{1C0D607A-4C71-4526-8F36-074C23F45BB0}.Release|Any CPU.ActiveCfg = Release|Any CPU
		{1C0D607A-4C71-4526-8F36-074C23F45BB0}.Release|Any CPU.Build.0 = Release|Any CPU
	EndGlobalSection
	GlobalSection(SolutionProperties) = preSolution
		HideSolutionNode = FALSE
	EndGlobalSection
	GlobalSection(ExtensibilityGlobals) = postSolution
		SolutionGuid = {45797A58-175D-45CB-8C7F-68D5AE6FBE1F}
	EndGlobalSection
EndGlobal
